
Microsoft Visual Studio Solution File, Format Version 12.00
# Visual Studio 2017
Project("{FAE04EC0-301F-11D3-BF4B-00C04F79EFBC}") = "UnityAssetStore_RetroPixelPro", "UnityAssetStore_RetroPixelPro.csproj", "{2E1417F0-1B88-D0AE-CFB1-9D65A272EE22}"
EndProject
Project("{FAE04EC0-301F-11D3-BF4B-00C04F79EFBC}") = "UnityAssetStore_RetroPixelPro.Editor", "UnityAssetStore_RetroPixelPro.Editor.csproj", "{B72C9949-49BB-7B4B-0D0F-37D895A1E8AD}"
EndProject
Global
	GlobalSection(SolutionConfigurationPlatforms) = preSolution
		Debug|Any CPU = Debug|Any CPU
		Release|Any CPU = Release|Any CPU
	EndGlobalSection
	GlobalSection(ProjectConfigurationPlatforms) = postSolution
		{2E1417F0-1B88-D0AE-CFB1-9D65A272EE22}.Debug|Any CPU.ActiveCfg = Debug|Any CPU
		{2E1417F0-1B88-D0AE-CFB1-9D65A272EE22}.Debug|Any CPU.Build.0 = Debug|Any CPU
		{2E1417F0-1B88-D0AE-CFB1-9D65A272EE22}.Release|Any CPU.ActiveCfg = Release|Any CPU
		{2E1417F0-1B88-D0AE-CFB1-9D65A272EE22}.Release|Any CPU.Build.0 = Release|Any CPU
		{B72C9949-49BB-7B4B-0D0F-37D895A1E8AD}.Debug|Any CPU.ActiveCfg = Debug|Any CPU
		{B72C9949-49BB-7B4B-0D0F-37D895A1E8AD}.Debug|Any CPU.Build.0 = Debug|Any CPU
		{B72C9949-49BB-7B4B-0D0F-37D895A1E8AD}.Release|Any CPU.ActiveCfg = Release|Any CPU
		{B72C9949-49BB-7B4B-0D0F-37D895A1E8AD}.Release|Any CPU.Build.0 = Release|Any CPU
	EndGlobalSection
	GlobalSection(SolutionProperties) = preSolution
		HideSolutionNode = FALSE
	EndGlobalSection
EndGlobal
